PODS:
  - YoutubePlayer-in-WKWebView (0.2.5)

DEPENDENCIES:
  - YoutubePlayer-in-WKWebView (~> 0.2.0)

SPEC REPOS:
  trunk:
    - YoutubePlayer-in-WKWebView

SPEC CHECKSUMS:
  YoutubePlayer-in-WKWebView: 4dad12b3ece938a6456fa4374df78942f88b485a

PODFILE CHECKSUM: 7b6160accb6f3b1647f811e52093a0ee34fbf2e0

COCOAPODS: 1.9.3
