// !$*UTF8*$!
{
	archiveVersion = 1;
	classes = {
	};
	objectVersion = 51;
	objects = {

/* Begin PBXBuildFile section */
		704016C145BF40D694A71890 /* Pods_AndersonGonzalez_lab4FinalVersion.framework in Frameworks */ = {isa = PBXBuildFile; fileRef = 225AF046DA6564F3C06886ED /* Pods_AndersonGonzalez_lab4FinalVersion.framework */; };
		711D450024C2B8FF00F46072 /* AppDelegate.swift in Sources */ = {isa = PBXBuildFile; fileRef = 711D44FF24C2B8FF00F46072 /* AppDelegate.swift */; };
		711D450224C2B8FF00F46072 /* SceneDelegate.swift in Sources */ = {isa = PBXBuildFile; fileRef = 711D450124C2B8FF00F46072 /* SceneDelegate.swift */; };
		711D450424C2B8FF00F46072 /* ViewController.swift in Sources */ = {isa = PBXBuildFile; fileRef = 711D450324C2B8FF00F46072 /* ViewController.swift */; };
		711D450724C2B8FF00F46072 /* Main.storyboard in Resources */ = {isa = PBXBuildFile; fileRef = 711D450524C2B8FF00F46072 /* Main.storyboard */; };
		711D450924C2B91200F46072 /* Assets.xcassets in Resources */ = {isa = PBXBuildFile; fileRef = 711D450824C2B91200F46072 /* Assets.xcassets */; };
		711D450C24C2B91200F46072 /* LaunchScreen.storyboard in Resources */ = {isa = PBXBuildFile; fileRef = 711D450A24C2B91200F46072 /* LaunchScreen.storyboard */; };
		711D451424C2BA2400F46072 /* CollectionViewCell.swift in Sources */ = {isa = PBXBuildFile; fileRef = 711D451324C2BA2400F46072 /* CollectionViewCell.swift */; };
		711D451624C2BBBA00F46072 /* MovieRequest.swift in Sources */ = {isa = PBXBuildFile; fileRef = 711D451524C2BBBA00F46072 /* MovieRequest.swift */; };
		711D451824C2E96F00F46072 /* DetailedViewController.swift in Sources */ = {isa = PBXBuildFile; fileRef = 711D451724C2E96F00F46072 /* DetailedViewController.swift */; };
		711D451A24C37B3000F46072 /* ReleaseDataRequest.swift in Sources */ = {isa = PBXBuildFile; fileRef = 711D451924C37B3000F46072 /* ReleaseDataRequest.swift */; };
		7199614624C3F8C000BE3CEF /* TableController.swift in Sources */ = {isa = PBXBuildFile; fileRef = 7199614524C3F8C000BE3CEF /* TableController.swift */; };
		7199614824C4724400BE3CEF /* WebViewController.swift in Sources */ = {isa = PBXBuildFile; fileRef = 7199614724C4724400BE3CEF /* WebViewController.swift */; };
		7199614A24C4733A00BE3CEF /* VideoViewCell.swift in Sources */ = {isa = PBXBuildFile; fileRef = 7199614924C4733A00BE3CEF /* VideoViewCell.swift */; };
		71CC5EAA24C4FB8B00097FD3 /* VideoPlayRequest.swift in Sources */ = {isa = PBXBuildFile; fileRef = 71CC5EA924C4FB8B00097FD3 /* VideoPlayRequest.swift */; };
		71CC5EAC24C5003800097FD3 /* RequestVideo.swift in Sources */ = {isa = PBXBuildFile; fileRef = 71CC5EAB24C5003800097FD3 /* RequestVideo.swift */; };
		71CC5EAF24C5256A00097FD3 /* WebKit.framework in Frameworks */ = {isa = PBXBuildFile; fileRef = 71CC5EAE24C5256A00097FD3 /* WebKit.framework */; };
		71CC5EB124C54EB200097FD3 /* OptionViewController.swift in Sources */ = {isa = PBXBuildFile; fileRef = 71CC5EB024C54EB200097FD3 /* OptionViewController.swift */; };
		71CC5EB324C5548D00097FD3 /* TheOptionsViewController.swift in Sources */ = {isa = PBXBuildFile; fileRef = 71CC5EB224C5548D00097FD3 /* TheOptionsViewController.swift */; };
/* End PBXBuildFile section */

/* Begin PBXFileReference section */
		225AF046DA6564F3C06886ED /* Pods_AndersonGonzalez_lab4FinalVersion.framework */ = {isa = PBXFileReference; explicitFileType = wrapper.framework; includeInIndex = 0; path = Pods_AndersonGonzalez_lab4FinalVersion.framework; sourceTree = BUILT_PRODUCTS_DIR; };
		5CE875D9B5298CC325CB3F4F /* Pods-AndersonGonzalez-lab4FinalVersion.debug.xcconfig */ = {isa = PBXFileReference; includeInIndex = 1; lastKnownFileType = text.xcconfig; name = "Pods-AndersonGonzalez-lab4FinalVersion.debug.xcconfig"; path = "Target Support Files/Pods-AndersonGonzalez-lab4FinalVersion/Pods-AndersonGonzalez-lab4FinalVersion.debug.xcconfig"; sourceTree = "<group>"; };
		711D44FC24C2B8FF00F46072 /* AndersonGonzalez-lab4FinalVersion.app */ = {isa = PBXFileReference; explicitFileType = wrapper.application; includeInIndex = 0; path = "AndersonGonzalez-lab4FinalVersion.app"; sourceTree = BUILT_PRODUCTS_DIR; };
		711D44FF24C2B8FF00F46072 /* AppDelegate.swift */ = {isa = PBXFileReference; lastKnownFileType = sourcecode.swift; path = AppDelegate.swift; sourceTree = "<group>"; };
		711D450124C2B8FF00F46072 /* SceneDelegate.swift */ = {isa = PBXFileReference; lastKnownFileType = sourcecode.swift; path = SceneDelegate.swift; sourceTree = "<group>"; };
		711D450324C2B8FF00F46072 /* ViewController.swift */ = {isa = PBXFileReference; lastKnownFileType = sourcecode.swift; path = ViewController.swift; sourceTree = "<group>"; };
		711D450624C2B8FF00F46072 /* Base */ = {isa = PBXFileReference; lastKnownFileType = file.storyboard; name = Base; path = Base.lproj/Main.storyboard; sourceTree = "<group>"; };
		711D450824C2B91200F46072 /* Assets.xcassets */ = {isa = PBXFileReference; lastKnownFileType = folder.assetcatalog; path = Assets.xcassets; sourceTree = "<group>"; };
		711D450B24C2B91200F46072 /* Base */ = {isa = PBXFileReference; lastKnownFileType = file.storyboard; name = Base; path = Base.lproj/LaunchScreen.storyboard; sourceTree = "<group>"; };
		711D450D24C2B91200F46072 /* Info.plist */ = {isa = PBXFileReference; lastKnownFileType = text.plist.xml; path = Info.plist; sourceTree = "<group>"; };
		711D451324C2BA2400F46072 /* CollectionViewCell.swift */ = {isa = PBXFileReference; lastKnownFileType = sourcecode.swift; path = CollectionViewCell.swift; sourceTree = "<group>"; };
		711D451524C2BBBA00F46072 /* MovieRequest.swift */ = {isa = PBXFileReference; lastKnownFileType = sourcecode.swift; path = MovieRequest.swift; sourceTree = "<group>"; };
		711D451724C2E96F00F46072 /* DetailedViewController.swift */ = {isa = PBXFileReference; lastKnownFileType = sourcecode.swift; path = DetailedViewController.swift; sourceTree = "<group>"; };
		711D451924C37B3000F46072 /* ReleaseDataRequest.swift */ = {isa = PBXFileReference; lastKnownFileType = sourcecode.swift; path = ReleaseDataRequest.swift; sourceTree = "<group>"; };
		7199614524C3F8C000BE3CEF /* TableController.swift */ = {isa = PBXFileReference; lastKnownFileType = sourcecode.swift; path = TableController.swift; sourceTree = "<group>"; };
		7199614724C4724400BE3CEF /* WebViewController.swift */ = {isa = PBXFileReference; lastKnownFileType = sourcecode.swift; path = WebViewController.swift; sourceTree = "<group>"; };
		7199614924C4733A00BE3CEF /* VideoViewCell.swift */ = {isa = PBXFileReference; lastKnownFileType = sourcecode.swift; path = VideoViewCell.swift; sourceTree = "<group>"; };
		71CC5EA924C4FB8B00097FD3 /* VideoPlayRequest.swift */ = {isa = PBXFileReference; lastKnownFileType = sourcecode.swift; path = VideoPlayRequest.swift; sourceTree = "<group>"; };
		71CC5EAB24C5003800097FD3 /* RequestVideo.swift */ = {isa = PBXFileReference; lastKnownFileType = sourcecode.swift; path = RequestVideo.swift; sourceTree = "<group>"; };
		71CC5EAE24C5256A00097FD3 /* WebKit.framework */ = {isa = PBXFileReference; lastKnownFileType = wrapper.framework; name = WebKit.framework; path = System/Library/Frameworks/WebKit.framework; sourceTree = SDKROOT; };
		71CC5EB024C54EB200097FD3 /* OptionViewController.swift */ = {isa = PBXFileReference; lastKnownFileType = sourcecode.swift; path = OptionViewController.swift; sourceTree = "<group>"; };
		71CC5EB224C5548D00097FD3 /* TheOptionsViewController.swift */ = {isa = PBXFileReference; lastKnownFileType = sourcecode.swift; path = TheOptionsViewController.swift; sourceTree = "<group>"; };
		9AF667DD906D3D4EE932807C /* Pods-AndersonGonzalez-lab4FinalVersion.release.xcconfig */ = {isa = PBXFileReference; includeInIndex = 1; lastKnownFileType = text.xcconfig; name = "Pods-AndersonGonzalez-lab4FinalVersion.release.xcconfig"; path = "Target Support Files/Pods-AndersonGonzalez-lab4FinalVersion/Pods-AndersonGonzalez-lab4FinalVersion.release.xcconfig"; sourceTree = "<group>"; };
/* End PBXFileReference section */

/* Begin PBXFrameworksBuildPhase section */
		711D44F924C2B8FF00F46072 /* Frameworks */ = {
			isa = PBXFrameworksBuildPhase;
			buildActionMask = 2147483647;
			files = (
				71CC5EAF24C5256A00097FD3 /* WebKit.framework in Frameworks */,
				704016C145BF40D694A71890 /* Pods_AndersonGonzalez_lab4FinalVersion.framework in Frameworks */,
			);
			runOnlyForDeploymentPostprocessing = 0;
		};
/* End PBXFrameworksBuildPhase section */

/* Begin PBXGroup section */
		711D44F324C2B8FF00F46072 = {
			isa = PBXGroup;
			children = (
				711D44FE24C2B8FF00F46072 /* AndersonGonzalez-lab4FinalVersion */,
				711D44FD24C2B8FF00F46072 /* Products */,
				71CC5EAD24C5256900097FD3 /* Frameworks */,
				814EC732D04E6FC8D02884FC /* Pods */,
			);
			sourceTree = "<group>";
		};
		711D44FD24C2B8FF00F46072 /* Products */ = {
			isa = PBXGroup;
			children = (
				711D44FC24C2B8FF00F46072 /* AndersonGonzalez-lab4FinalVersion.app */,
			);
			name = Products;
			sourceTree = "<group>";
		};
		711D44FE24C2B8FF00F46072 /* AndersonGonzalez-lab4FinalVersion */ = {
			isa = PBXGroup;
			children = (
				711D44FF24C2B8FF00F46072 /* AppDelegate.swift */,
				711D450124C2B8FF00F46072 /* SceneDelegate.swift */,
				711D450324C2B8FF00F46072 /* ViewController.swift */,
				711D450524C2B8FF00F46072 /* Main.storyboard */,
				71CC5EB224C5548D00097FD3 /* TheOptionsViewController.swift */,
				71CC5EB024C54EB200097FD3 /* OptionViewController.swift */,
				7199614924C4733A00BE3CEF /* VideoViewCell.swift */,
				7199614724C4724400BE3CEF /* WebViewController.swift */,
				7199614524C3F8C000BE3CEF /* TableController.swift */,
				711D451724C2E96F00F46072 /* DetailedViewController.swift */,
				711D451324C2BA2400F46072 /* CollectionViewCell.swift */,
				711D451524C2BBBA00F46072 /* MovieRequest.swift */,
				71CC5EA924C4FB8B00097FD3 /* VideoPlayRequest.swift */,
				71CC5EAB24C5003800097FD3 /* RequestVideo.swift */,
				711D451924C37B3000F46072 /* ReleaseDataRequest.swift */,
				711D450824C2B91200F46072 /* Assets.xcassets */,
				711D450A24C2B91200F46072 /* LaunchScreen.storyboard */,
				711D450D24C2B91200F46072 /* Info.plist */,
			);
			path = "AndersonGonzalez-lab4FinalVersion";
			sourceTree = "<group>";
		};
		71CC5EAD24C5256900097FD3 /* Frameworks */ = {
			isa = PBXGroup;
			children = (
				71CC5EAE24C5256A00097FD3 /* WebKit.framework */,
				225AF046DA6564F3C06886ED /* Pods_AndersonGonzalez_lab4FinalVersion.framework */,
			);
			name = Frameworks;
			sourceTree = "<group>";
		};
		814EC732D04E6FC8D02884FC /* Pods */ = {
			isa = PBXGroup;
			children = (
				5CE875D9B5298CC325CB3F4F /* Pods-AndersonGonzalez-lab4FinalVersion.debug.xcconfig */,
				9AF667DD906D3D4EE932807C /* Pods-AndersonGonzalez-lab4FinalVersion.release.xcconfig */,
			);
			path = Pods;
			sourceTree = "<group>";
		};
/* End PBXGroup section */

/* Begin PBXNativeTarget section */
		711D44FB24C2B8FF00F46072 /* AndersonGonzalez-lab4FinalVersion */ = {
			isa = PBXNativeTarget;
			buildConfigurationList = 711D451024C2B91200F46072 /* Build configuration list for PBXNativeTarget "AndersonGonzalez-lab4FinalVersion" */;
			buildPhases = (
				E324840ABCF74BA04D176C30 /* [CP] Check Pods Manifest.lock */,
				711D44F824C2B8FF00F46072 /* Sources */,
				711D44F924C2B8FF00F46072 /* Frameworks */,
				711D44FA24C2B8FF00F46072 /* Resources */,
				0485E78022E1FABDBBEE064C /* [CP] Embed Pods Frameworks */,
			);
			buildRules = (
			);
			dependencies = (
			);
			name = "AndersonGonzalez-lab4FinalVersion";
			productName = "AndersonGonzalez-lab4FinalVersion";
			productReference = 711D44FC24C2B8FF00F46072 /* AndersonGonzalez-lab4FinalVersion.app */;
			productType = "com.apple.product-type.application";
		};
/* End PBXNativeTarget section */

/* Begin PBXProject section */
		711D44F424C2B8FF00F46072 /* Project object */ = {
			isa = PBXProject;
			attributes = {
				LastSwiftUpdateCheck = 1160;
				LastUpgradeCheck = 1160;
				ORGANIZATIONNAME = "Anderson Gonzalez";
				TargetAttributes = {
					711D44FB24C2B8FF00F46072 = {
						CreatedOnToolsVersion = 11.6;
					};
				};
			};
			buildConfigurationList = 711D44F724C2B8FF00F46072 /* Build configuration list for PBXProject "AndersonGonzalez-lab4FinalVersion" */;
			compatibilityVersion = "Xcode 9.3";
			developmentRegion = en;
			hasScannedForEncodings = 0;
			knownRegions = (
				en,
				Base,
			);
			mainGroup = 711D44F324C2B8FF00F46072;
			productRefGroup = 711D44FD24C2B8FF00F46072 /* Products */;
			projectDirPath = "";
			projectRoot = "";
			targets = (
				711D44FB24C2B8FF00F46072 /* AndersonGonzalez-lab4FinalVersion */,
			);
		};
/* End PBXProject section */

/* Begin PBXResourcesBuildPhase section */
		711D44FA24C2B8FF00F46072 /* Resources */ = {
			isa = PBXResourcesBuildPhase;
			buildActionMask = 2147483647;
			files = (
				711D450C24C2B91200F46072 /* LaunchScreen.storyboard in Resources */,
				711D450924C2B91200F46072 /* Assets.xcassets in Resources */,
				711D450724C2B8FF00F46072 /* Main.storyboard in Resources */,
			);
			runOnlyForDeploymentPostprocessing = 0;
		};
/* End PBXResourcesBuildPhase section */

/* Begin PBXShellScriptBuildPhase section */
		0485E78022E1FABDBBEE064C /* [CP] Embed Pods Frameworks */ = {
			isa = PBXShellScriptBuildPhase;
			buildActionMask = 2147483647;
			files = (
			);
			inputFileListPaths = (
				"${PODS_ROOT}/Target Support Files/Pods-AndersonGonzalez-lab4FinalVersion/Pods-AndersonGonzalez-lab4FinalVersion-frameworks-${CONFIGURATION}-input-files.xcfilelist",
			);
			name = "[CP] Embed Pods Frameworks";
			outputFileListPaths = (
				"${PODS_ROOT}/Target Support Files/Pods-AndersonGonzalez-lab4FinalVersion/Pods-AndersonGonzalez-lab4FinalVersion-frameworks-${CONFIGURATION}-output-files.xcfilelist",
			);
			runOnlyForDeploymentPostprocessing = 0;
			shellPath = /bin/sh;
			shellScript = "\"${PODS_ROOT}/Target Support Files/Pods-AndersonGonzalez-lab4FinalVersion/Pods-AndersonGonzalez-lab4FinalVersion-frameworks.sh\"\n";
			showEnvVarsInLog = 0;
		};
		E324840ABCF74BA04D176C30 /* [CP] Check Pods Manifest.lock */ = {
			isa = PBXShellScriptBuildPhase;
			buildActionMask = 2147483647;
			files = (
			);
			inputFileListPaths = (
			);
			inputPaths = (
				"${PODS_PODFILE_DIR_PATH}/Podfile.lock",
				"${PODS_ROOT}/Manifest.lock",
			);
			name = "[CP] Check Pods Manifest.lock";
			outputFileListPaths = (
			);
			outputPaths = (
				"$(DERIVED_FILE_DIR)/Pods-AndersonGonzalez-lab4FinalVersion-checkManifestLockResult.txt",
			);
			runOnlyForDeploymentPostprocessing = 0;
			shellPath = /bin/sh;
			shellScript = "diff \"${PODS_PODFILE_DIR_PATH}/Podfile.lock\" \"${PODS_ROOT}/Manifest.lock\" > /dev/null\nif [ $? != 0 ] ; then\n    # print error to STDERR\n    echo \"error: The sandbox is not in sync with the Podfile.lock. Run 'pod install' or update your CocoaPods installation.\" >&2\n    exit 1\nfi\n# This output is used by Xcode 'outputs' to avoid re-running this script phase.\necho \"SUCCESS\" > \"${SCRIPT_OUTPUT_FILE_0}\"\n";
			showEnvVarsInLog = 0;
		};
/* End PBXShellScriptBuildPhase section */

/* Begin PBXSourcesBuildPhase section */
		711D44F824C2B8FF00F46072 /* Sources */ = {
			isa = PBXSourcesBuildPhase;
			buildActionMask = 2147483647;
			files = (
				711D451624C2BBBA00F46072 /* MovieRequest.swift in Sources */,
				71CC5EAC24C5003800097FD3 /* RequestVideo.swift in Sources */,
				7199614824C4724400BE3CEF /* WebViewController.swift in Sources */,
				711D451A24C37B3000F46072 /* ReleaseDataRequest.swift in Sources */,
				711D450424C2B8FF00F46072 /* ViewController.swift in Sources */,
				7199614624C3F8C000BE3CEF /* TableController.swift in Sources */,
				71CC5EAA24C4FB8B00097FD3 /* VideoPlayRequest.swift in Sources */,
				711D451824C2E96F00F46072 /* DetailedViewController.swift in Sources */,
				7199614A24C4733A00BE3CEF /* VideoViewCell.swift in Sources */,
				711D450024C2B8FF00F46072 /* AppDelegate.swift in Sources */,
				711D451424C2BA2400F46072 /* CollectionViewCell.swift in Sources */,
				71CC5EB324C5548D00097FD3 /* TheOptionsViewController.swift in Sources */,
				71CC5EB124C54EB200097FD3 /* OptionViewController.swift in Sources */,
				711D450224C2B8FF00F46072 /* SceneDelegate.swift in Sources */,
			);
			runOnlyForDeploymentPostprocessing = 0;
		};
/* End PBXSourcesBuildPhase section */

/* Begin PBXVariantGroup section */
		711D450524C2B8FF00F46072 /* Main.storyboard */ = {
			isa = PBXVariantGroup;
			children = (
				711D450624C2B8FF00F46072 /* Base */,
			);
			name = Main.storyboard;
			sourceTree = "<group>";
		};
		711D450A24C2B91200F46072 /* LaunchScreen.storyboard */ = {
			isa = PBXVariantGroup;
			children = (
				711D450B24C2B91200F46072 /* Base */,
			);
			name = LaunchScreen.storyboard;
			sourceTree = "<group>";
		};
/* End PBXVariantGroup section */

/* Begin XCBuildConfiguration section */
		711D450E24C2B91200F46072 /* Debug */ = {
			isa = XCBuildConfiguration;
			buildSettings = {
				ALWAYS_SEARCH_USER_PATHS = NO;
				CLANG_ANALYZER_NONNULL = YES;
				CLANG_ANALYZER_NUMBER_OBJECT_CONVERSION = YES_AGGRESSIVE;
				CLANG_CXX_LANGUAGE_STANDARD = "gnu++14";
				CLANG_CXX_LIBRARY = "libc++";
				CLANG_ENABLE_MODULES = YES;
				CLANG_ENABLE_OBJC_ARC = YES;
				CLANG_ENABLE_OBJC_WEAK = YES;
				CLANG_WARN_BLOCK_CAPTURE_AUTORELEASING = YES;
				CLANG_WARN_BOOL_CONVERSION = YES;
				CLANG_WARN_COMMA = YES;
				CLANG_WARN_CONSTANT_CONVERSION = YES;
				CLANG_WARN_DEPRECATED_OBJC_IMPLEMENTATIONS = YES;
				CLANG_WARN_DIRECT_OBJC_ISA_USAGE = YES_ERROR;
				CLANG_WARN_DOCUMENTATION_COMMENTS = YES;
				CLANG_WARN_EMPTY_BODY = YES;
				CLANG_WARN_ENUM_CONVERSION = YES;
				CLANG_WARN_INFINITE_RECURSION = YES;
				CLANG_WARN_INT_CONVERSION = YES;
				CLANG_WARN_NON_LITERAL_NULL_CONVERSION = YES;
				CLANG_WARN_OBJC_IMPLICIT_RETAIN_SELF = YES;
				CLANG_WARN_OBJC_LITERAL_CONVERSION = YES;
				CLANG_WARN_OBJC_ROOT_CLASS = YES_ERROR;
				CLANG_WARN_RANGE_LOOP_ANALYSIS = YES;
				CLANG_WARN_STRICT_PROTOTYPES = YES;
				CLANG_WARN_SUSPICIOUS_MOVE = YES;
				CLANG_WARN_UNGUARDED_AVAILABILITY = YES_AGGRESSIVE;
				CLANG_WARN_UNREACHABLE_CODE = YES;
				CLANG_WARN__DUPLICATE_METHOD_MATCH = YES;
				COPY_PHASE_STRIP = NO;
				DEBUG_INFORMATION_FORMAT = dwarf;
				ENABLE_STRICT_OBJC_MSGSEND = YES;
				ENABLE_TESTABILITY = YES;
				GCC_C_LANGUAGE_STANDARD = gnu11;
				GCC_DYNAMIC_NO_PIC = NO;
				GCC_NO_COMMON_BLOCKS = YES;
				GCC_OPTIMIZATION_LEVEL = 0;
				GCC_PREPROCESSOR_DEFINITIONS = (
					"DEBUG=1",
					"$(inherited)",
				);
				GCC_WARN_64_TO_32_BIT_CONVERSION = YES;
				GCC_WARN_ABOUT_RETURN_TYPE = YES_ERROR;
				GCC_WARN_UNDECLARED_SELECTOR = YES;
				GCC_WARN_UNINITIALIZED_AUTOS = YES_AGGRESSIVE;
				GCC_WARN_UNUSED_FUNCTION = YES;
				GCC_WARN_UNUSED_VARIABLE = YES;
				IPHONEOS_DEPLOYMENT_TARGET = 13.6;
				MTL_ENABLE_DEBUG_INFO = INCLUDE_SOURCE;
				MTL_FAST_MATH = YES;
				ONLY_ACTIVE_ARCH = YES;
				SDKROOT = iphoneos;
				SWIFT_ACTIVE_COMPILATION_CONDITIONS = DEBUG;
				SWIFT_OPTIMIZATION_LEVEL = "-Onone";
			};
			name = Debug;
		};
		711D450F24C2B91200F46072 /* Release */ = {
			isa = XCBuildConfiguration;
			buildSettings = {
				ALWAYS_SEARCH_USER_PATHS = NO;
				CLANG_ANALYZER_NONNULL = YES;
				CLANG_ANALYZER_NUMBER_OBJECT_CONVERSION = YES_AGGRESSIVE;
				CLANG_CXX_LANGUAGE_STANDARD = "gnu++14";
				CLANG_CXX_LIBRARY = "libc++";
				CLANG_ENABLE_MODULES = YES;
				CLANG_ENABLE_OBJC_ARC = YES;
				CLANG_ENABLE_OBJC_WEAK = YES;
				CLANG_WARN_BLOCK_CAPTURE_AUTORELEASING = YES;
				CLANG_WARN_BOOL_CONVERSION = YES;
				CLANG_WARN_COMMA = YES;
				CLANG_WARN_CONSTANT_CONVERSION = YES;
				CLANG_WARN_DEPRECATED_OBJC_IMPLEMENTATIONS = YES;
				CLANG_WARN_DIRECT_OBJC_ISA_USAGE = YES_ERROR;
				CLANG_WARN_DOCUMENTATION_COMMENTS = YES;
				CLANG_WARN_EMPTY_BODY = YES;
				CLANG_WARN_ENUM_CONVERSION = YES;
				CLANG_WARN_INFINITE_RECURSION = YES;
				CLANG_WARN_INT_CONVERSION = YES;
				CLANG_WARN_NON_LITERAL_NULL_CONVERSION = YES;
				CLANG_WARN_OBJC_IMPLICIT_RETAIN_SELF = YES;
				CLANG_WARN_OBJC_LITERAL_CONVERSION = YES;
				CLANG_WARN_OBJC_ROOT_CLASS = YES_ERROR;
				CLANG_WARN_RANGE_LOOP_ANALYSIS = YES;
				CLANG_WARN_STRICT_PROTOTYPES = YES;
				CLANG_WARN_SUSPICIOUS_MOVE = YES;
				CLANG_WARN_UNGUARDED_AVAILABILITY = YES_AGGRESSIVE;
				CLANG_WARN_UNREACHABLE_CODE = YES;
				CLANG_WARN__DUPLICATE_METHOD_MATCH = YES;
				COPY_PHASE_STRIP = NO;
				DEBUG_INFORMATION_FORMAT = "dwarf-with-dsym";
				ENABLE_NS_ASSERTIONS = NO;
				ENABLE_STRICT_OBJC_MSGSEND = YES;
				GCC_C_LANGUAGE_STANDARD = gnu11;
				GCC_NO_COMMON_BLOCKS = YES;
				GCC_WARN_64_TO_32_BIT_CONVERSION = YES;
				GCC_WARN_ABOUT_RETURN_TYPE = YES_ERROR;
				GCC_WARN_UNDECLARED_SELECTOR = YES;
				GCC_WARN_UNINITIALIZED_AUTOS = YES_AGGRESSIVE;
				GCC_WARN_UNUSED_FUNCTION = YES;
				GCC_WARN_UNUSED_VARIABLE = YES;
				IPHONEOS_DEPLOYMENT_TARGET = 13.6;
				MTL_ENABLE_DEBUG_INFO = NO;
				MTL_FAST_MATH = YES;
				SDKROOT = iphoneos;
				SWIFT_COMPILATION_MODE = wholemodule;
				SWIFT_OPTIMIZATION_LEVEL = "-O";
				VALIDATE_PRODUCT = YES;
			};
			name = Release;
		};
		711D451124C2B91200F46072 /* Debug */ = {
			isa = XCBuildConfiguration;
			baseConfigurationReference = 5CE875D9B5298CC325CB3F4F /* Pods-AndersonGonzalez-lab4FinalVersion.debug.xcconfig */;
			buildSettings = {
				ASSETCATALOG_COMPILER_APPICON_NAME = AppIcon;
				CODE_SIGN_STYLE = Automatic;
				INFOPLIST_FILE = "AndersonGonzalez-lab4FinalVersion/Info.plist";
				LD_RUNPATH_SEARCH_PATHS = (
					"$(inherited)",
					"@executable_path/Frameworks",
				);
				PRODUCT_BUNDLE_IDENTIFIER = "com.Anderson.AndersonGonzalez-lab4FinalVersion";
				PRODUCT_NAME = "$(TARGET_NAME)";
				SWIFT_VERSION = 5.0;
				TARGETED_DEVICE_FAMILY = "1,2";
			};
			name = Debug;
		};
		711D451224C2B91200F46072 /* Release */ = {
			isa = XCBuildConfiguration;
			baseConfigurationReference = 9AF667DD906D3D4EE932807C /* Pods-AndersonGonzalez-lab4FinalVersion.release.xcconfig */;
			buildSettings = {
				ASSETCATALOG_COMPILER_APPICON_NAME = AppIcon;
				CODE_SIGN_STYLE = Automatic;
				INFOPLIST_FILE = "AndersonGonzalez-lab4FinalVersion/Info.plist";
				LD_RUNPATH_SEARCH_PATHS = (
					"$(inherited)",
					"@executable_path/Frameworks",
				);
				PRODUCT_BUNDLE_IDENTIFIER = "com.Anderson.AndersonGonzalez-lab4FinalVersion";
				PRODUCT_NAME = "$(TARGET_NAME)";
				SWIFT_VERSION = 5.0;
				TARGETED_DEVICE_FAMILY = "1,2";
			};
			name = Release;
		};
/* End XCBuildConfiguration section */

/* Begin XCConfigurationList section */
		711D44F724C2B8FF00F46072 /* Build configuration list for PBXProject "AndersonGonzalez-lab4FinalVersion" */ = {
			isa = XCConfigurationList;
			buildConfigurations = (
				711D450E24C2B91200F46072 /* Debug */,
				711D450F24C2B91200F46072 /* Release */,
			);
			defaultConfigurationIsVisible = 0;
			defaultConfigurationName = Release;
		};
		711D451024C2B91200F46072 /* Build configuration list for PBXNativeTarget "AndersonGonzalez-lab4FinalVersion" */ = {
			isa = XCConfigurationList;
			buildConfigurations = (
				711D451124C2B91200F46072 /* Debug */,
				711D451224C2B91200F46072 /* Release */,
			);
			defaultConfigurationIsVisible = 0;
			defaultConfigurationName = Release;
		};
/* End XCConfigurationList section */
	};
	rootObject = 711D44F424C2B8FF00F46072 /* Project object */;
}
